
Microsoft Visual Studio Solution File, Format Version 12.00
# Visual Studio Version 16
VisualStudioVersion = 16.0.30907.101
MinimumVisualStudioVersion = 10.0.40219.1
Project("{FAE04EC0-301F-11D3-BF4B-00C04F79EFBC}") = "project", "project\project.csproj", "{5A9AA744-D39E-4394-8B51-4DDF62B71E4B}"
EndProject
Global
	GlobalSection(SolutionConfigurationPlatforms) = preSolution
		Debug|Any CPU = Debug|Any CPU
		Release|Any CPU = Release|Any CPU
	EndGlobalSection
	GlobalSection(ProjectConfigurationPlatforms) = postSolution
		{5A9AA744-D39E-4394-8B51-4DDF62B71E4B}.Debug|Any CPU.ActiveCfg = Debug|Any CPU
		{5A9AA744-D39E-4394-8B51-4DDF62B71E4B}.Debug|Any CPU.Build.0 = Debug|Any CPU
		{5A9AA744-D39E-4394-8B51-4DDF62B71E4B}.Release|Any CPU.ActiveCfg = Release|Any CPU
		{5A9AA744-D39E-4394-8B51-4DDF62B71E4B}.Release|Any CPU.Build.0 = Release|Any CPU
	EndGlobalSection
	GlobalSection(SolutionProperties) = preSolution
		HideSolutionNode = FALSE
	EndGlobalSection
	GlobalSection(ExtensibilityGlobals) = postSolution
		SolutionGuid = {0DB64A97-FFF6-493E-9A2E-2B1E5BCDE6FE}
	EndGlobalSection
EndGlobal
